
Microsoft Visual Studio Solution File, Format Version 12.00
# Visual Studio Version 17
VisualStudioVersion = 17.7.34003.232
MinimumVisualStudioVersion = 10.0.40219.1
Project("{FAE04EC0-301F-11D3-BF4B-00C04F79EFBC}") = "ClassLibrary1", "ClassLibrary1.csproj", "{14D4CF06-9BAD-4934-B90A-A37297C30022}"
EndProject
Project("{FAE04EC0-301F-11D3-BF4B-00C04F79EFBC}") = "ApConsolet", "..\ApConsolet\ApConsolet.csproj", "{ACE6179F-B9A8-420F-8007-9781F36F9D3A}"
EndProject
Global
	GlobalSection(SolutionConfigurationPlatforms) = preSolution
		Debug|Any CPU = Debug|Any CPU
		Release|Any CPU = Release|Any CPU
	EndGlobalSection
	GlobalSection(ProjectConfigurationPlatforms) = postSolution
		{14D4CF06-9BAD-4934-B90A-A37297C30022}.Debug|Any CPU.ActiveCfg = Debug|Any CPU
		{14D4CF06-9BAD-4934-B90A-A37297C30022}.Debug|Any CPU.Build.0 = Debug|Any CPU
		{14D4CF06-9BAD-4934-B90A-A37297C30022}.Release|Any CPU.ActiveCfg = Release|Any CPU
		{14D4CF06-9BAD-4934-B90A-A37297C30022}.Release|Any CPU.Build.0 = Release|Any CPU
		{ACE6179F-B9A8-420F-8007-9781F36F9D3A}.Debug|Any CPU.ActiveCfg = Debug|Any CPU
		{ACE6179F-B9A8-420F-8007-9781F36F9D3A}.Debug|Any CPU.Build.0 = Debug|Any CPU
		{ACE6179F-B9A8-420F-8007-9781F36F9D3A}.Release|Any CPU.ActiveCfg = Release|Any CPU
		{ACE6179F-B9A8-420F-8007-9781F36F9D3A}.Release|Any CPU.Build.0 = Release|Any CPU
	EndGlobalSection
	GlobalSection(SolutionProperties) = preSolution
		HideSolutionNode = FALSE
	EndGlobalSection
	GlobalSection(ExtensibilityGlobals) = postSolution
		SolutionGuid = {664EC5B3-29AA-4297-9C11-EABB14E0F46B}
	EndGlobalSection
EndGlobal
